
Microsoft Visual Studio Solution File, Format Version 12.00
# Visual Studio Version 17
VisualStudioVersion = 17.5.33414.496
MinimumVisualStudioVersion = 10.0.40219.1
Project("{2150E333-8FDC-42A3-9474-1A3956D46DE8}") = "Core", "Core", "{38F863E7-77AC-40C2-AC8E-F83A700EB1F6}"
EndProject
Project("{9A19103F-16F7-4668-BE54-9A1E7A4F7556}") = "Utils", "Core\Utils\Utils.csproj", "{FD9CA063-7D32-4FB2-9996-1270EA13A4B8}"
EndProject
Project("{9A19103F-16F7-4668-BE54-9A1E7A4F7556}") = "Cte", "Core\Cte\Cte.csproj", "{F3EC4BBC-EC3E-475F-B6F7-1E83A7FC79E7}"
EndProject
Project("{9A19103F-16F7-4668-BE54-9A1E7A4F7556}") = "Data", "Core\Data\Data.csproj", "{64F743A1-6CEA-409A-AD82-A2D5A92CA835}"
EndProject
Project("{2150E333-8FDC-42A3-9474-1A3956D46DE8}") = "Infra", "Infra", "{C0B28DD7-06FB-43D8-AF30-BAA916C05986}"
EndProject
Project("{9A19103F-16F7-4668-BE54-9A1E7A4F7556}") = "DataContext", "Infra\Data\DataContext.csproj", "{531D16E4-35EA-499A-8A12-BDE28CAF0480}"
EndProject
Project("{2150E333-8FDC-42A3-9474-1A3956D46DE8}") = "Domain", "Domain", "{C8BF9992-416F-40A3-A269-63BDD02B681F}"
EndProject
Project("{9A19103F-16F7-4668-BE54-9A1E7A4F7556}") = "lw.Domain.Models", "Domain\lw.Domain.Models\lw.Domain.Models.csproj", "{87631223-F169-4EB6-A73D-BCEBD8CD0577}"
EndProject
Project("{9A19103F-16F7-4668-BE54-9A1E7A4F7556}") = "lw.Domain.Services", "Domain\lw.Domain.Services\lw.Domain.Services.csproj", "{54E3A8FF-FDCF-4BA8-81E7-8FA70CA77AC4}"
EndProject
Project("{9A19103F-16F7-4668-BE54-9A1E7A4F7556}") = "Security", "Infra\Security\Security.csproj", "{05B9304D-A658-491C-A3AC-7936405AA181}"
EndProject
Project("{2150E333-8FDC-42A3-9474-1A3956D46DE8}") = "Testing", "Testing", "{ED08643A-AD1A-4A90-8956-B10B542B7046}"
EndProject
Project("{9A19103F-16F7-4668-BE54-9A1E7A4F7556}") = "DatabaseTesting", "Testing\DatabaseTesting\DatabaseTesting.csproj", "{4EBFE5BD-4F81-4760-886B-18DA125318C9}"
EndProject
Project("{9A19103F-16F7-4668-BE54-9A1E7A4F7556}") = "WebUI", "WebUI\WebUI.csproj", "{E5219BD8-0982-45BF-8D46-42522B8FC9ED}"
EndProject
Project("{9A19103F-16F7-4668-BE54-9A1E7A4F7556}") = "lw.Domain.Web", "Domain\lw.Domain.Web\lw.Domain.Web.csproj", "{972D29AB-133B-4B4D-B61B-745F8FE08340}"
EndProject
Global
	GlobalSection(SolutionConfigurationPlatforms) = preSolution
		Debug|Any CPU = Debug|Any CPU
		Release|Any CPU = Release|Any CPU
	EndGlobalSection
	GlobalSection(ProjectConfigurationPlatforms) = postSolution
		{FD9CA063-7D32-4FB2-9996-1270EA13A4B8}.Debug|Any CPU.ActiveCfg = Debug|Any CPU
		{FD9CA063-7D32-4FB2-9996-1270EA13A4B8}.Debug|Any CPU.Build.0 = Debug|Any CPU
		{FD9CA063-7D32-4FB2-9996-1270EA13A4B8}.Release|Any CPU.ActiveCfg = Release|Any CPU
		{FD9CA063-7D32-4FB2-9996-1270EA13A4B8}.Release|Any CPU.Build.0 = Release|Any CPU
		{F3EC4BBC-EC3E-475F-B6F7-1E83A7FC79E7}.Debug|Any CPU.ActiveCfg = Debug|Any CPU
		{F3EC4BBC-EC3E-475F-B6F7-1E83A7FC79E7}.Debug|Any CPU.Build.0 = Debug|Any CPU
		{F3EC4BBC-EC3E-475F-B6F7-1E83A7FC79E7}.Release|Any CPU.ActiveCfg = Release|Any CPU
		{F3EC4BBC-EC3E-475F-B6F7-1E83A7FC79E7}.Release|Any CPU.Build.0 = Release|Any CPU
		{64F743A1-6CEA-409A-AD82-A2D5A92CA835}.Debug|Any CPU.ActiveCfg = Debug|Any CPU
		{64F743A1-6CEA-409A-AD82-A2D5A92CA835}.Debug|Any CPU.Build.0 = Debug|Any CPU
		{64F743A1-6CEA-409A-AD82-A2D5A92CA835}.Release|Any CPU.ActiveCfg = Release|Any CPU
		{64F743A1-6CEA-409A-AD82-A2D5A92CA835}.Release|Any CPU.Build.0 = Release|Any CPU
		{531D16E4-35EA-499A-8A12-BDE28CAF0480}.Debug|Any CPU.ActiveCfg = Debug|Any CPU
		{531D16E4-35EA-499A-8A12-BDE28CAF0480}.Debug|Any CPU.Build.0 = Debug|Any CPU
		{531D16E4-35EA-499A-8A12-BDE28CAF0480}.Release|Any CPU.ActiveCfg = Release|Any CPU
		{531D16E4-35EA-499A-8A12-BDE28CAF0480}.Release|Any CPU.Build.0 = Release|Any CPU
		{87631223-F169-4EB6-A73D-BCEBD8CD0577}.Debug|Any CPU.ActiveCfg = Debug|Any CPU
		{87631223-F169-4EB6-A73D-BCEBD8CD0577}.Debug|Any CPU.Build.0 = Debug|Any CPU
		{87631223-F169-4EB6-A73D-BCEBD8CD0577}.Release|Any CPU.ActiveCfg = Release|Any CPU
		{87631223-F169-4EB6-A73D-BCEBD8CD0577}.Release|Any CPU.Build.0 = Release|Any CPU
		{54E3A8FF-FDCF-4BA8-81E7-8FA70CA77AC4}.Debug|Any CPU.ActiveCfg = Debug|Any CPU
		{54E3A8FF-FDCF-4BA8-81E7-8FA70CA77AC4}.Debug|Any CPU.Build.0 = Debug|Any CPU
		{54E3A8FF-FDCF-4BA8-81E7-8FA70CA77AC4}.Release|Any CPU.ActiveCfg = Release|Any CPU
		{54E3A8FF-FDCF-4BA8-81E7-8FA70CA77AC4}.Release|Any CPU.Build.0 = Release|Any CPU
		{05B9304D-A658-491C-A3AC-7936405AA181}.Debug|Any CPU.ActiveCfg = Debug|Any CPU
		{05B9304D-A658-491C-A3AC-7936405AA181}.Debug|Any CPU.Build.0 = Debug|Any CPU
		{05B9304D-A658-491C-A3AC-7936405AA181}.Release|Any CPU.ActiveCfg = Release|Any CPU
		{05B9304D-A658-491C-A3AC-7936405AA181}.Release|Any CPU.Build.0 = Release|Any CPU
		{4EBFE5BD-4F81-4760-886B-18DA125318C9}.Debug|Any CPU.ActiveCfg = Debug|Any CPU
		{4EBFE5BD-4F81-4760-886B-18DA125318C9}.Debug|Any CPU.Build.0 = Debug|Any CPU
		{4EBFE5BD-4F81-4760-886B-18DA125318C9}.Release|Any CPU.ActiveCfg = Release|Any CPU
		{4EBFE5BD-4F81-4760-886B-18DA125318C9}.Release|Any CPU.Build.0 = Release|Any CPU
		{E5219BD8-0982-45BF-8D46-42522B8FC9ED}.Debug|Any CPU.ActiveCfg = Debug|Any CPU
		{E5219BD8-0982-45BF-8D46-42522B8FC9ED}.Debug|Any CPU.Build.0 = Debug|Any CPU
		{E5219BD8-0982-45BF-8D46-42522B8FC9ED}.Release|Any CPU.ActiveCfg = Release|Any CPU
		{E5219BD8-0982-45BF-8D46-42522B8FC9ED}.Release|Any CPU.Build.0 = Release|Any CPU
		{972D29AB-133B-4B4D-B61B-745F8FE08340}.Debug|Any CPU.ActiveCfg = Debug|Any CPU
		{972D29AB-133B-4B4D-B61B-745F8FE08340}.Debug|Any CPU.Build.0 = Debug|Any CPU
		{972D29AB-133B-4B4D-B61B-745F8FE08340}.Release|Any CPU.ActiveCfg = Release|Any CPU
		{972D29AB-133B-4B4D-B61B-745F8FE08340}.Release|Any CPU.Build.0 = Release|Any CPU
	EndGlobalSection
	GlobalSection(SolutionProperties) = preSolution
		HideSolutionNode = FALSE
	EndGlobalSection
	GlobalSection(NestedProjects) = preSolution
		{FD9CA063-7D32-4FB2-9996-1270EA13A4B8} = {38F863E7-77AC-40C2-AC8E-F83A700EB1F6}
		{F3EC4BBC-EC3E-475F-B6F7-1E83A7FC79E7} = {38F863E7-77AC-40C2-AC8E-F83A700EB1F6}
		{64F743A1-6CEA-409A-AD82-A2D5A92CA835} = {38F863E7-77AC-40C2-AC8E-F83A700EB1F6}
		{531D16E4-35EA-499A-8A12-BDE28CAF0480} = {C0B28DD7-06FB-43D8-AF30-BAA916C05986}
		{87631223-F169-4EB6-A73D-BCEBD8CD0577} = {C8BF9992-416F-40A3-A269-63BDD02B681F}
		{54E3A8FF-FDCF-4BA8-81E7-8FA70CA77AC4} = {C8BF9992-416F-40A3-A269-63BDD02B681F}
		{05B9304D-A658-491C-A3AC-7936405AA181} = {C0B28DD7-06FB-43D8-AF30-BAA916C05986}
		{4EBFE5BD-4F81-4760-886B-18DA125318C9} = {ED08643A-AD1A-4A90-8956-B10B542B7046}
		{972D29AB-133B-4B4D-B61B-745F8FE08340} = {C8BF9992-416F-40A3-A269-63BDD02B681F}
	EndGlobalSection
	GlobalSection(ExtensibilityGlobals) = postSolution
		SolutionGuid = {3808A532-9F6A-4965-9853-6E74DD83BBE3}
	EndGlobalSection
EndGlobal
