
Microsoft Visual Studio Solution File, Format Version 12.00
# Visual Studio Version 17
VisualStudioVersion = 17.5.33414.496
MinimumVisualStudioVersion = 10.0.40219.1
Project("{2150E333-8FDC-42A3-9474-1A3956D46DE8}") = "Core", "Core", "{38F863E7-77AC-40C2-AC8E-F83A700EB1F6}"
EndProject
Project("{2150E333-8FDC-42A3-9474-1A3956D46DE8}") = "Infra", "Infra", "{C0B28DD7-06FB-43D8-AF30-BAA916C05986}"
EndProject
Project("{2150E333-8FDC-42A3-9474-1A3956D46DE8}") = "Domain", "Domain", "{C8BF9992-416F-40A3-A269-63BDD02B681F}"
EndProject
Project("{9A19103F-16F7-4668-BE54-9A1E7A4F7556}") = "lw.Domain.Models", "Domain\lw.Domain.Models\lw.Domain.Models.csproj", "{87631223-F169-4EB6-A73D-BCEBD8CD0577}"
EndProject
Project("{9A19103F-16F7-4668-BE54-9A1E7A4F7556}") = "lw.Domain.Services", "Domain\lw.Domain.Services\lw.Domain.Services.csproj", "{54E3A8FF-FDCF-4BA8-81E7-8FA70CA77AC4}"
EndProject
Project("{2150E333-8FDC-42A3-9474-1A3956D46DE8}") = "Testing", "Testing", "{ED08643A-AD1A-4A90-8956-B10B542B7046}"
EndProject
Project("{9A19103F-16F7-4668-BE54-9A1E7A4F7556}") = "DatabaseTesting", "Testing\DatabaseTesting\DatabaseTesting.csproj", "{4EBFE5BD-4F81-4760-886B-18DA125318C9}"
EndProject
Project("{9A19103F-16F7-4668-BE54-9A1E7A4F7556}") = "lw.Domain.Web", "Domain\lw.Domain.Web\lw.Domain.Web.csproj", "{972D29AB-133B-4B4D-B61B-745F8FE08340}"
EndProject
Project("{2150E333-8FDC-42A3-9474-1A3956D46DE8}") = "Web", "Web", "{CD7D9300-E2A2-4A61-AD06-15420C9729F6}"
EndProject
Project("{9A19103F-16F7-4668-BE54-9A1E7A4F7556}") = "Lebanoninapicture", "..\..\lebanoninapicture.com\Lebanoninapicture.csproj", "{BDB76A66-3835-4450-A6B9-10F86417402A}"
EndProject
Project("{9A19103F-16F7-4668-BE54-9A1E7A4F7556}") = "lw.Core.Cte", "Core\lw.Core.Cte\lw.Core.Cte.csproj", "{FE10CB23-09EE-49E3-B80A-D665096361E6}"
EndProject
Project("{9A19103F-16F7-4668-BE54-9A1E7A4F7556}") = "lw.Core.Data", "Core\lw.Core.Data\lw.Core.Data.csproj", "{FB7A7A09-7943-49CE-8952-8F783248E518}"
EndProject
Project("{9A19103F-16F7-4668-BE54-9A1E7A4F7556}") = "lw.Core.Utils", "Core\lw.Core.Utils\lw.Core.Utils.csproj", "{A8C42D76-D230-4CC7-901B-37EA1C769F89}"
EndProject
Project("{9A19103F-16F7-4668-BE54-9A1E7A4F7556}") = "lw.Core.WebUtils", "Core\lw.Core.WebUtils\lw.Core.WebUtils.csproj", "{BB1CF530-C7B1-4F16-BD7D-FB5CF8EECBA5}"
EndProject
Project("{9A19103F-16F7-4668-BE54-9A1E7A4F7556}") = "lw.Infra.DataContext", "Infra\lw.Infra.Data\lw.Infra.DataContext.csproj", "{4EF46B98-70E6-4882-BAF1-CE3A2C5D591C}"
EndProject
Project("{9A19103F-16F7-4668-BE54-9A1E7A4F7556}") = "lw.Infra.Identity", "Infra\lw.Infra.Identity\lw.Infra.Identity.csproj", "{F5F7DB39-E944-4B3C-8B95-091FE11D17D7}"
EndProject
Project("{9A19103F-16F7-4668-BE54-9A1E7A4F7556}") = "lw.Infra.Security", "Infra\lw.Infra.Security\lw.Infra.Security.csproj", "{376F8263-F8F6-4BDE-AEDB-F7D9C6A773C7}"
EndProject
Project("{9A19103F-16F7-4668-BE54-9A1E7A4F7556}") = "lw.Web.Api", "Web\lw.Web.Api\lw.Web.Api.csproj", "{46FB1CDA-8B2A-45C6-9A52-84434458CA1C}"
EndProject
Project("{FAE04EC0-301F-11D3-BF4B-00C04F79EFBC}") = "somecointernational.com", "..\..\Pierre\somecointernational\somecointernational.com\somecointernational.com.csproj", "{666F3793-D30B-4CE7-A5E6-52AFB98F3034}"
EndProject
Project("{FAE04EC0-301F-11D3-BF4B-00C04F79EFBC}") = "lw.Web.Components", "Web\lw.Web.Components\lw.Web.Components.csproj", "{E1EB8ABB-142D-4FC2-A6C0-5B96AE79CE8C}"
EndProject
Global
	GlobalSection(SolutionConfigurationPlatforms) = preSolution
		Debug|Any CPU = Debug|Any CPU
		Release|Any CPU = Release|Any CPU
	EndGlobalSection
	GlobalSection(ProjectConfigurationPlatforms) = postSolution
		{87631223-F169-4EB6-A73D-BCEBD8CD0577}.Debug|Any CPU.ActiveCfg = Debug|Any CPU
		{87631223-F169-4EB6-A73D-BCEBD8CD0577}.Debug|Any CPU.Build.0 = Debug|Any CPU
		{87631223-F169-4EB6-A73D-BCEBD8CD0577}.Release|Any CPU.ActiveCfg = Release|Any CPU
		{87631223-F169-4EB6-A73D-BCEBD8CD0577}.Release|Any CPU.Build.0 = Release|Any CPU
		{54E3A8FF-FDCF-4BA8-81E7-8FA70CA77AC4}.Debug|Any CPU.ActiveCfg = Debug|Any CPU
		{54E3A8FF-FDCF-4BA8-81E7-8FA70CA77AC4}.Debug|Any CPU.Build.0 = Debug|Any CPU
		{54E3A8FF-FDCF-4BA8-81E7-8FA70CA77AC4}.Release|Any CPU.ActiveCfg = Release|Any CPU
		{54E3A8FF-FDCF-4BA8-81E7-8FA70CA77AC4}.Release|Any CPU.Build.0 = Release|Any CPU
		{4EBFE5BD-4F81-4760-886B-18DA125318C9}.Debug|Any CPU.ActiveCfg = Debug|Any CPU
		{4EBFE5BD-4F81-4760-886B-18DA125318C9}.Debug|Any CPU.Build.0 = Debug|Any CPU
		{4EBFE5BD-4F81-4760-886B-18DA125318C9}.Release|Any CPU.ActiveCfg = Release|Any CPU
		{4EBFE5BD-4F81-4760-886B-18DA125318C9}.Release|Any CPU.Build.0 = Release|Any CPU
		{972D29AB-133B-4B4D-B61B-745F8FE08340}.Debug|Any CPU.ActiveCfg = Debug|Any CPU
		{972D29AB-133B-4B4D-B61B-745F8FE08340}.Debug|Any CPU.Build.0 = Debug|Any CPU
		{972D29AB-133B-4B4D-B61B-745F8FE08340}.Release|Any CPU.ActiveCfg = Release|Any CPU
		{972D29AB-133B-4B4D-B61B-745F8FE08340}.Release|Any CPU.Build.0 = Release|Any CPU
		{BDB76A66-3835-4450-A6B9-10F86417402A}.Debug|Any CPU.ActiveCfg = Debug|Any CPU
		{BDB76A66-3835-4450-A6B9-10F86417402A}.Debug|Any CPU.Build.0 = Debug|Any CPU
		{BDB76A66-3835-4450-A6B9-10F86417402A}.Release|Any CPU.ActiveCfg = Release|Any CPU
		{BDB76A66-3835-4450-A6B9-10F86417402A}.Release|Any CPU.Build.0 = Release|Any CPU
		{FE10CB23-09EE-49E3-B80A-D665096361E6}.Debug|Any CPU.ActiveCfg = Debug|Any CPU
		{FE10CB23-09EE-49E3-B80A-D665096361E6}.Debug|Any CPU.Build.0 = Debug|Any CPU
		{FE10CB23-09EE-49E3-B80A-D665096361E6}.Release|Any CPU.ActiveCfg = Release|Any CPU
		{FE10CB23-09EE-49E3-B80A-D665096361E6}.Release|Any CPU.Build.0 = Release|Any CPU
		{FB7A7A09-7943-49CE-8952-8F783248E518}.Debug|Any CPU.ActiveCfg = Debug|Any CPU
		{FB7A7A09-7943-49CE-8952-8F783248E518}.Debug|Any CPU.Build.0 = Debug|Any CPU
		{FB7A7A09-7943-49CE-8952-8F783248E518}.Release|Any CPU.ActiveCfg = Release|Any CPU
		{FB7A7A09-7943-49CE-8952-8F783248E518}.Release|Any CPU.Build.0 = Release|Any CPU
		{A8C42D76-D230-4CC7-901B-37EA1C769F89}.Debug|Any CPU.ActiveCfg = Debug|Any CPU
		{A8C42D76-D230-4CC7-901B-37EA1C769F89}.Debug|Any CPU.Build.0 = Debug|Any CPU
		{A8C42D76-D230-4CC7-901B-37EA1C769F89}.Release|Any CPU.ActiveCfg = Release|Any CPU
		{A8C42D76-D230-4CC7-901B-37EA1C769F89}.Release|Any CPU.Build.0 = Release|Any CPU
		{BB1CF530-C7B1-4F16-BD7D-FB5CF8EECBA5}.Debug|Any CPU.ActiveCfg = Debug|Any CPU
		{BB1CF530-C7B1-4F16-BD7D-FB5CF8EECBA5}.Debug|Any CPU.Build.0 = Debug|Any CPU
		{BB1CF530-C7B1-4F16-BD7D-FB5CF8EECBA5}.Release|Any CPU.ActiveCfg = Release|Any CPU
		{BB1CF530-C7B1-4F16-BD7D-FB5CF8EECBA5}.Release|Any CPU.Build.0 = Release|Any CPU
		{4EF46B98-70E6-4882-BAF1-CE3A2C5D591C}.Debug|Any CPU.ActiveCfg = Debug|Any CPU
		{4EF46B98-70E6-4882-BAF1-CE3A2C5D591C}.Debug|Any CPU.Build.0 = Debug|Any CPU
		{4EF46B98-70E6-4882-BAF1-CE3A2C5D591C}.Release|Any CPU.ActiveCfg = Release|Any CPU
		{4EF46B98-70E6-4882-BAF1-CE3A2C5D591C}.Release|Any CPU.Build.0 = Release|Any CPU
		{F5F7DB39-E944-4B3C-8B95-091FE11D17D7}.Debug|Any CPU.ActiveCfg = Debug|Any CPU
		{F5F7DB39-E944-4B3C-8B95-091FE11D17D7}.Debug|Any CPU.Build.0 = Debug|Any CPU
		{F5F7DB39-E944-4B3C-8B95-091FE11D17D7}.Release|Any CPU.ActiveCfg = Release|Any CPU
		{F5F7DB39-E944-4B3C-8B95-091FE11D17D7}.Release|Any CPU.Build.0 = Release|Any CPU
		{376F8263-F8F6-4BDE-AEDB-F7D9C6A773C7}.Debug|Any CPU.ActiveCfg = Debug|Any CPU
		{376F8263-F8F6-4BDE-AEDB-F7D9C6A773C7}.Debug|Any CPU.Build.0 = Debug|Any CPU
		{376F8263-F8F6-4BDE-AEDB-F7D9C6A773C7}.Release|Any CPU.ActiveCfg = Release|Any CPU
		{376F8263-F8F6-4BDE-AEDB-F7D9C6A773C7}.Release|Any CPU.Build.0 = Release|Any CPU
		{46FB1CDA-8B2A-45C6-9A52-84434458CA1C}.Debug|Any CPU.ActiveCfg = Debug|Any CPU
		{46FB1CDA-8B2A-45C6-9A52-84434458CA1C}.Debug|Any CPU.Build.0 = Debug|Any CPU
		{46FB1CDA-8B2A-45C6-9A52-84434458CA1C}.Release|Any CPU.ActiveCfg = Release|Any CPU
		{46FB1CDA-8B2A-45C6-9A52-84434458CA1C}.Release|Any CPU.Build.0 = Release|Any CPU
		{666F3793-D30B-4CE7-A5E6-52AFB98F3034}.Debug|Any CPU.ActiveCfg = Debug|Any CPU
		{666F3793-D30B-4CE7-A5E6-52AFB98F3034}.Debug|Any CPU.Build.0 = Debug|Any CPU
		{666F3793-D30B-4CE7-A5E6-52AFB98F3034}.Release|Any CPU.ActiveCfg = Release|Any CPU
		{666F3793-D30B-4CE7-A5E6-52AFB98F3034}.Release|Any CPU.Build.0 = Release|Any CPU
		{E1EB8ABB-142D-4FC2-A6C0-5B96AE79CE8C}.Debug|Any CPU.ActiveCfg = Debug|Any CPU
		{E1EB8ABB-142D-4FC2-A6C0-5B96AE79CE8C}.Debug|Any CPU.Build.0 = Debug|Any CPU
		{E1EB8ABB-142D-4FC2-A6C0-5B96AE79CE8C}.Release|Any CPU.ActiveCfg = Release|Any CPU
		{E1EB8ABB-142D-4FC2-A6C0-5B96AE79CE8C}.Release|Any CPU.Build.0 = Release|Any CPU
	EndGlobalSection
	GlobalSection(SolutionProperties) = preSolution
		HideSolutionNode = FALSE
	EndGlobalSection
	GlobalSection(NestedProjects) = preSolution
		{87631223-F169-4EB6-A73D-BCEBD8CD0577} = {C8BF9992-416F-40A3-A269-63BDD02B681F}
		{54E3A8FF-FDCF-4BA8-81E7-8FA70CA77AC4} = {C8BF9992-416F-40A3-A269-63BDD02B681F}
		{4EBFE5BD-4F81-4760-886B-18DA125318C9} = {ED08643A-AD1A-4A90-8956-B10B542B7046}
		{972D29AB-133B-4B4D-B61B-745F8FE08340} = {C8BF9992-416F-40A3-A269-63BDD02B681F}
		{FE10CB23-09EE-49E3-B80A-D665096361E6} = {38F863E7-77AC-40C2-AC8E-F83A700EB1F6}
		{FB7A7A09-7943-49CE-8952-8F783248E518} = {38F863E7-77AC-40C2-AC8E-F83A700EB1F6}
		{A8C42D76-D230-4CC7-901B-37EA1C769F89} = {38F863E7-77AC-40C2-AC8E-F83A700EB1F6}
		{BB1CF530-C7B1-4F16-BD7D-FB5CF8EECBA5} = {38F863E7-77AC-40C2-AC8E-F83A700EB1F6}
		{4EF46B98-70E6-4882-BAF1-CE3A2C5D591C} = {C0B28DD7-06FB-43D8-AF30-BAA916C05986}
		{F5F7DB39-E944-4B3C-8B95-091FE11D17D7} = {C0B28DD7-06FB-43D8-AF30-BAA916C05986}
		{376F8263-F8F6-4BDE-AEDB-F7D9C6A773C7} = {C0B28DD7-06FB-43D8-AF30-BAA916C05986}
		{46FB1CDA-8B2A-45C6-9A52-84434458CA1C} = {CD7D9300-E2A2-4A61-AD06-15420C9729F6}
		{E1EB8ABB-142D-4FC2-A6C0-5B96AE79CE8C} = {CD7D9300-E2A2-4A61-AD06-15420C9729F6}
	EndGlobalSection
	GlobalSection(ExtensibilityGlobals) = postSolution
		SolutionGuid = {3808A532-9F6A-4965-9853-6E74DD83BBE3}
	EndGlobalSection
EndGlobal
